// !$*UTF8*$!
{
	archiveVersion = 1;
	classes = {
	};
	objectVersion = 55;
	objects = {

/* Begin PBXBuildFile section */
		696273FC28E39912004B3A18 /* Weather_AppApp.swift in Sources */ = {isa = PBXBuildFile; fileRef = 696273FB28E39912004B3A18 /* Weather_AppApp.swift */; };
		696273FE28E39912004B3A18 /* ContentView.swift in Sources */ = {isa = PBXBuildFile; fileRef = 696273FD28E39912004B3A18 /* ContentView.swift */; };
		6962740028E39913004B3A18 /* Assets.xcassets in Resources */ = {isa = PBXBuildFile; fileRef = 696273FF28E39913004B3A18 /* Assets.xcassets */; };
		6962740328E39913004B3A18 /* Preview Assets.xcassets in Resources */ = {isa = PBXBuildFile; fileRef = 6962740228E39913004B3A18 /* Preview Assets.xcassets */; };
		6962740B28E39F94004B3A18 /* LocationManager.swift in Sources */ = {isa = PBXBuildFile; fileRef = 6962740A28E39F94004B3A18 /* LocationManager.swift */; };
		6962740F28E3A332004B3A18 /* WelcomeView.swift in Sources */ = {isa = PBXBuildFile; fileRef = 6962740E28E3A332004B3A18 /* WelcomeView.swift */; };
		6962741128E3B4AB004B3A18 /* LoadingView.swift in Sources */ = {isa = PBXBuildFile; fileRef = 6962741028E3B4AB004B3A18 /* LoadingView.swift */; };
		6962741328E3B748004B3A18 /* WeatherManager.swift in Sources */ = {isa = PBXBuildFile; fileRef = 6962741228E3B748004B3A18 /* WeatherManager.swift */; };
		6962741528E3BA4C004B3A18 /* ResponseDataModel.swift in Sources */ = {isa = PBXBuildFile; fileRef = 6962741428E3BA4C004B3A18 /* ResponseDataModel.swift */; };
		6962741728E4D37F004B3A18 /* WeatherView.swift in Sources */ = {isa = PBXBuildFile; fileRef = 6962741628E4D37F004B3A18 /* WeatherView.swift */; };
		6962741928E4D3C3004B3A18 /* ModelData.swift in Sources */ = {isa = PBXBuildFile; fileRef = 6962741828E4D3C3004B3A18 /* ModelData.swift */; };
		6962741B28E4D590004B3A18 /* weatherData.json in Resources */ = {isa = PBXBuildFile; fileRef = 6962741A28E4D590004B3A18 /* weatherData.json */; };
		6962741D28E4DB33004B3A18 /* Extensions.swift in Sources */ = {isa = PBXBuildFile; fileRef = 6962741C28E4DB33004B3A18 /* Extensions.swift */; };
		6962742028E4ECAD004B3A18 /* WeatherRow.swift in Sources */ = {isa = PBXBuildFile; fileRef = 6962741F28E4ECAD004B3A18 /* WeatherRow.swift */; };
		6962742228E50923004B3A18 /* DailyView.swift in Sources */ = {isa = PBXBuildFile; fileRef = 6962742128E50923004B3A18 /* DailyView.swift */; };
		6962742428E509E2004B3A18 /* dailyData.json in Resources */ = {isa = PBXBuildFile; fileRef = 6962742328E509E2004B3A18 /* dailyData.json */; };
		6978CA0628ECC58F0062D29B /* DragGesture2.swift in Sources */ = {isa = PBXBuildFile; fileRef = 6978CA0528ECC58F0062D29B /* DragGesture2.swift */; };
		69B5B19228E7A60300E2A592 /* DailyRow.swift in Sources */ = {isa = PBXBuildFile; fileRef = 69B5B19128E7A60300E2A592 /* DailyRow.swift */; };
/* End PBXBuildFile section */

/* Begin PBXFileReference section */
		696273F828E39912004B3A18 /* Weather_App.app */ = {isa = PBXFileReference; explicitFileType = wrapper.application; includeInIndex = 0; path = Weather_App.app; sourceTree = BUILT_PRODUCTS_DIR; };
		696273FB28E39912004B3A18 /* Weather_AppApp.swift */ = {isa = PBXFileReference; lastKnownFileType = sourcecode.swift; path = Weather_AppApp.swift; sourceTree = "<group>"; };
		696273FD28E39912004B3A18 /* ContentView.swift */ = {isa = PBXFileReference; lastKnownFileType = sourcecode.swift; path = ContentView.swift; sourceTree = "<group>"; };
		696273FF28E39913004B3A18 /* Assets.xcassets */ = {isa = PBXFileReference; lastKnownFileType = folder.assetcatalog; path = Assets.xcassets; sourceTree = "<group>"; };
		6962740228E39913004B3A18 /* Preview Assets.xcassets */ = {isa = PBXFileReference; lastKnownFileType = folder.assetcatalog; path = "Preview Assets.xcassets"; sourceTree = "<group>"; };
		6962740A28E39F94004B3A18 /* LocationManager.swift */ = {isa = PBXFileReference; lastKnownFileType = sourcecode.swift; path = LocationManager.swift; sourceTree = "<group>"; };
		6962740E28E3A332004B3A18 /* WelcomeView.swift */ = {isa = PBXFileReference; lastKnownFileType = sourcecode.swift; path = WelcomeView.swift; sourceTree = "<group>"; };
		6962741028E3B4AB004B3A18 /* LoadingView.swift */ = {isa = PBXFileReference; lastKnownFileType = sourcecode.swift; path = LoadingView.swift; sourceTree = "<group>"; };
		6962741228E3B748004B3A18 /* WeatherManager.swift */ = {isa = PBXFileReference; lastKnownFileType = sourcecode.swift; path = WeatherManager.swift; sourceTree = "<group>"; };
		6962741428E3BA4C004B3A18 /* ResponseDataModel.swift */ = {isa = PBXFileReference; lastKnownFileType = sourcecode.swift; path = ResponseDataModel.swift; sourceTree = "<group>"; };
		6962741628E4D37F004B3A18 /* WeatherView.swift */ = {isa = PBXFileReference; lastKnownFileType = sourcecode.swift; path = WeatherView.swift; sourceTree = "<group>"; };
		6962741828E4D3C3004B3A18 /* ModelData.swift */ = {isa = PBXFileReference; lastKnownFileType = sourcecode.swift; path = ModelData.swift; sourceTree = "<group>"; };
		6962741A28E4D590004B3A18 /* weatherData.json */ = {isa = PBXFileReference; lastKnownFileType = text.json; path = weatherData.json; sourceTree = "<group>"; };
		6962741C28E4DB33004B3A18 /* Extensions.swift */ = {isa = PBXFileReference; lastKnownFileType = sourcecode.swift; path = Extensions.swift; sourceTree = "<group>"; };
		6962741F28E4ECAD004B3A18 /* WeatherRow.swift */ = {isa = PBXFileReference; lastKnownFileType = sourcecode.swift; path = WeatherRow.swift; sourceTree = "<group>"; };
		6962742128E50923004B3A18 /* DailyView.swift */ = {isa = PBXFileReference; lastKnownFileType = sourcecode.swift; path = DailyView.swift; sourceTree = "<group>"; };
		6962742328E509E2004B3A18 /* dailyData.json */ = {isa = PBXFileReference; lastKnownFileType = text.json; path = dailyData.json; sourceTree = "<group>"; };
		6978CA0528ECC58F0062D29B /* DragGesture2.swift */ = {isa = PBXFileReference; lastKnownFileType = sourcecode.swift; path = DragGesture2.swift; sourceTree = "<group>"; };
		69B5B19128E7A60300E2A592 /* DailyRow.swift */ = {isa = PBXFileReference; lastKnownFileType = sourcecode.swift; path = DailyRow.swift; sourceTree = "<group>"; };
/* End PBXFileReference section */

/* Begin PBXFrameworksBuildPhase section */
		696273F528E39912004B3A18 /* Frameworks */ = {
			isa = PBXFrameworksBuildPhase;
			buildActionMask = 2147483647;
			files = (
			);
			runOnlyForDeploymentPostprocessing = 0;
		};
/* End PBXFrameworksBuildPhase section */

/* Begin PBXGroup section */
		696273EF28E39912004B3A18 = {
			isa = PBXGroup;
			children = (
				696273FA28E39912004B3A18 /* Weather_App */,
				696273F928E39912004B3A18 /* Products */,
			);
			sourceTree = "<group>";
		};
		696273F928E39912004B3A18 /* Products */ = {
			isa = PBXGroup;
			children = (
				696273F828E39912004B3A18 /* Weather_App.app */,
			);
			name = Products;
			sourceTree = "<group>";
		};
		696273FA28E39912004B3A18 /* Weather_App */ = {
			isa = PBXGroup;
			children = (
				696273FB28E39912004B3A18 /* Weather_AppApp.swift */,
				6962740928E39F7D004B3A18 /* Managers */,
				6962741E28E4EC82004B3A18 /* Components */,
				6962740C28E3A2BE004B3A18 /* Views */,
				696273FF28E39913004B3A18 /* Assets.xcassets */,
				6962740128E39913004B3A18 /* Preview Content */,
			);
			path = Weather_App;
			sourceTree = "<group>";
		};
		6962740128E39913004B3A18 /* Preview Content */ = {
			isa = PBXGroup;
			children = (
				6962740228E39913004B3A18 /* Preview Assets.xcassets */,
				6962741828E4D3C3004B3A18 /* ModelData.swift */,
				6962741A28E4D590004B3A18 /* weatherData.json */,
				6962742328E509E2004B3A18 /* dailyData.json */,
			);
			path = "Preview Content";
			sourceTree = "<group>";
		};
		6962740928E39F7D004B3A18 /* Managers */ = {
			isa = PBXGroup;
			children = (
				6962740A28E39F94004B3A18 /* LocationManager.swift */,
				6962741228E3B748004B3A18 /* WeatherManager.swift */,
				6962741428E3BA4C004B3A18 /* ResponseDataModel.swift */,
				6962741C28E4DB33004B3A18 /* Extensions.swift */,
			);
			path = Managers;
			sourceTree = "<group>";
		};
		6962740C28E3A2BE004B3A18 /* Views */ = {
			isa = PBXGroup;
			children = (
				696273FD28E39912004B3A18 /* ContentView.swift */,
				6978CA0528ECC58F0062D29B /* DragGesture2.swift */,
				6962740E28E3A332004B3A18 /* WelcomeView.swift */,
				6962741028E3B4AB004B3A18 /* LoadingView.swift */,
				6962741628E4D37F004B3A18 /* WeatherView.swift */,
				6962742128E50923004B3A18 /* DailyView.swift */,
			);
			path = Views;
			sourceTree = "<group>";
		};
		6962741E28E4EC82004B3A18 /* Components */ = {
			isa = PBXGroup;
			children = (
				6962741F28E4ECAD004B3A18 /* WeatherRow.swift */,
				69B5B19128E7A60300E2A592 /* DailyRow.swift */,
			);
			path = Components;
			sourceTree = "<group>";
		};
/* End PBXGroup section */

/* Begin PBXNativeTarget section */
		696273F728E39912004B3A18 /* Weather_App */ = {
			isa = PBXNativeTarget;
			buildConfigurationList = 6962740628E39913004B3A18 /* Build configuration list for PBXNativeTarget "Weather_App" */;
			buildPhases = (
				696273F428E39912004B3A18 /* Sources */,
				696273F528E39912004B3A18 /* Frameworks */,
				696273F628E39912004B3A18 /* Resources */,
			);
			buildRules = (
			);
			dependencies = (
			);
			name = Weather_App;
			productName = Weather_App;
			productReference = 696273F828E39912004B3A18 /* Weather_App.app */;
			productType = "com.apple.product-type.application";
		};
/* End PBXNativeTarget section */

/* Begin PBXProject section */
		696273F028E39912004B3A18 /* Project object */ = {
			isa = PBXProject;
			attributes = {
				BuildIndependentTargetsInParallel = 1;
				LastSwiftUpdateCheck = 1340;
				LastUpgradeCheck = 1340;
				TargetAttributes = {
					696273F728E39912004B3A18 = {
						CreatedOnToolsVersion = 13.4.1;
					};
				};
			};
			buildConfigurationList = 696273F328E39912004B3A18 /* Build configuration list for PBXProject "Weather_App" */;
			compatibilityVersion = "Xcode 13.0";
			developmentRegion = en;
			hasScannedForEncodings = 0;
			knownRegions = (
				en,
				Base,
			);
			mainGroup = 696273EF28E39912004B3A18;
			productRefGroup = 696273F928E39912004B3A18 /* Products */;
			projectDirPath = "";
			projectRoot = "";
			targets = (
				696273F728E39912004B3A18 /* Weather_App */,
			);
		};
/* End PBXProject section */

/* Begin PBXResourcesBuildPhase section */
		696273F628E39912004B3A18 /* Resources */ = {
			isa = PBXResourcesBuildPhase;
			buildActionMask = 2147483647;
			files = (
				6962740328E39913004B3A18 /* Preview Assets.xcassets in Resources */,
				6962741B28E4D590004B3A18 /* weatherData.json in Resources */,
				6962740028E39913004B3A18 /* Assets.xcassets in Resources */,
				6962742428E509E2004B3A18 /* dailyData.json in Resources */,
			);
			runOnlyForDeploymentPostprocessing = 0;
		};
/* End PBXResourcesBuildPhase section */

/* Begin PBXSourcesBuildPhase section */
		696273F428E39912004B3A18 /* Sources */ = {
			isa = PBXSourcesBuildPhase;
			buildActionMask = 2147483647;
			files = (
				69B5B19228E7A60300E2A592 /* DailyRow.swift in Sources */,
				6962742228E50923004B3A18 /* DailyView.swift in Sources */,
				6978CA0628ECC58F0062D29B /* DragGesture2.swift in Sources */,
				6962742028E4ECAD004B3A18 /* WeatherRow.swift in Sources */,
				6962741328E3B748004B3A18 /* WeatherManager.swift in Sources */,
				696273FE28E39912004B3A18 /* ContentView.swift in Sources */,
				6962741928E4D3C3004B3A18 /* ModelData.swift in Sources */,
				696273FC28E39912004B3A18 /* Weather_AppApp.swift in Sources */,
				6962741528E3BA4C004B3A18 /* ResponseDataModel.swift in Sources */,
				6962741D28E4DB33004B3A18 /* Extensions.swift in Sources */,
				6962740B28E39F94004B3A18 /* LocationManager.swift in Sources */,
				6962741128E3B4AB004B3A18 /* LoadingView.swift in Sources */,
				6962740F28E3A332004B3A18 /* WelcomeView.swift in Sources */,
				6962741728E4D37F004B3A18 /* WeatherView.swift in Sources */,
			);
			runOnlyForDeploymentPostprocessing = 0;
		};
/* End PBXSourcesBuildPhase section */

/* Begin XCBuildConfiguration section */
		6962740428E39913004B3A18 /* Debug */ = {
			isa = XCBuildConfiguration;
			buildSettings = {
				ALWAYS_SEARCH_USER_PATHS = NO;
				CLANG_ANALYZER_NONNULL = YES;
				CLANG_ANALYZER_NUMBER_OBJECT_CONVERSION = YES_AGGRESSIVE;
				CLANG_CXX_LANGUAGE_STANDARD = "gnu++17";
				CLANG_ENABLE_MODULES = YES;
				CLANG_ENABLE_OBJC_ARC = YES;
				CLANG_ENABLE_OBJC_WEAK = YES;
				CLANG_WARN_BLOCK_CAPTURE_AUTORELEASING = YES;
				CLANG_WARN_BOOL_CONVERSION = YES;
				CLANG_WARN_COMMA = YES;
				CLANG_WARN_CONSTANT_CONVERSION = YES;
				CLANG_WARN_DEPRECATED_OBJC_IMPLEMENTATIONS = YES;
				CLANG_WARN_DIRECT_OBJC_ISA_USAGE = YES_ERROR;
				CLANG_WARN_DOCUMENTATION_COMMENTS = YES;
				CLANG_WARN_EMPTY_BODY = YES;
				CLANG_WARN_ENUM_CONVERSION = YES;
				CLANG_WARN_INFINITE_RECURSION = YES;
				CLANG_WARN_INT_CONVERSION = YES;
				CLANG_WARN_NON_LITERAL_NULL_CONVERSION = YES;
				CLANG_WARN_OBJC_IMPLICIT_RETAIN_SELF = YES;
				CLANG_WARN_OBJC_LITERAL_CONVERSION = YES;
				CLANG_WARN_OBJC_ROOT_CLASS = YES_ERROR;
				CLANG_WARN_QUOTED_INCLUDE_IN_FRAMEWORK_HEADER = YES;
				CLANG_WARN_RANGE_LOOP_ANALYSIS = YES;
				CLANG_WARN_STRICT_PROTOTYPES = YES;
				CLANG_WARN_SUSPICIOUS_MOVE = YES;
				CLANG_WARN_UNGUARDED_AVAILABILITY = YES_AGGRESSIVE;
				CLANG_WARN_UNREACHABLE_CODE = YES;
				CLANG_WARN__DUPLICATE_METHOD_MATCH = YES;
				COPY_PHASE_STRIP = NO;
				DEBUG_INFORMATION_FORMAT = dwarf;
				ENABLE_STRICT_OBJC_MSGSEND = YES;
				ENABLE_TESTABILITY = YES;
				GCC_C_LANGUAGE_STANDARD = gnu11;
				GCC_DYNAMIC_NO_PIC = NO;
				GCC_NO_COMMON_BLOCKS = YES;
				GCC_OPTIMIZATION_LEVEL = 0;
				GCC_PREPROCESSOR_DEFINITIONS = (
					"DEBUG=1",
					"$(inherited)",
				);
				GCC_WARN_64_TO_32_BIT_CONVERSION = YES;
				GCC_WARN_ABOUT_RETURN_TYPE = YES_ERROR;
				GCC_WARN_UNDECLARED_SELECTOR = YES;
				GCC_WARN_UNINITIALIZED_AUTOS = YES_AGGRESSIVE;
				GCC_WARN_UNUSED_FUNCTION = YES;
				GCC_WARN_UNUSED_VARIABLE = YES;
				IPHONEOS_DEPLOYMENT_TARGET = 15.5;
				MTL_ENABLE_DEBUG_INFO = INCLUDE_SOURCE;
				MTL_FAST_MATH = YES;
				ONLY_ACTIVE_ARCH = YES;
				SDKROOT = iphoneos;
				SWIFT_ACTIVE_COMPILATION_CONDITIONS = DEBUG;
				SWIFT_OPTIMIZATION_LEVEL = "-Onone";
			};
			name = Debug;
		};
		6962740528E39913004B3A18 /* Release */ = {
			isa = XCBuildConfiguration;
			buildSettings = {
				ALWAYS_SEARCH_USER_PATHS = NO;
				CLANG_ANALYZER_NONNULL = YES;
				CLANG_ANALYZER_NUMBER_OBJECT_CONVERSION = YES_AGGRESSIVE;
				CLANG_CXX_LANGUAGE_STANDARD = "gnu++17";
				CLANG_ENABLE_MODULES = YES;
				CLANG_ENABLE_OBJC_ARC = YES;
				CLANG_ENABLE_OBJC_WEAK = YES;
				CLANG_WARN_BLOCK_CAPTURE_AUTORELEASING = YES;
				CLANG_WARN_BOOL_CONVERSION = YES;
				CLANG_WARN_COMMA = YES;
				CLANG_WARN_CONSTANT_CONVERSION = YES;
				CLANG_WARN_DEPRECATED_OBJC_IMPLEMENTATIONS = YES;
				CLANG_WARN_DIRECT_OBJC_ISA_USAGE = YES_ERROR;
				CLANG_WARN_DOCUMENTATION_COMMENTS = YES;
				CLANG_WARN_EMPTY_BODY = YES;
				CLANG_WARN_ENUM_CONVERSION = YES;
				CLANG_WARN_INFINITE_RECURSION = YES;
				CLANG_WARN_INT_CONVERSION = YES;
				CLANG_WARN_NON_LITERAL_NULL_CONVERSION = YES;
				CLANG_WARN_OBJC_IMPLICIT_RETAIN_SELF = YES;
				CLANG_WARN_OBJC_LITERAL_CONVERSION = YES;
				CLANG_WARN_OBJC_ROOT_CLASS = YES_ERROR;
				CLANG_WARN_QUOTED_INCLUDE_IN_FRAMEWORK_HEADER = YES;
				CLANG_WARN_RANGE_LOOP_ANALYSIS = YES;
				CLANG_WARN_STRICT_PROTOTYPES = YES;
				CLANG_WARN_SUSPICIOUS_MOVE = YES;
				CLANG_WARN_UNGUARDED_AVAILABILITY = YES_AGGRESSIVE;
				CLANG_WARN_UNREACHABLE_CODE = YES;
				CLANG_WARN__DUPLICATE_METHOD_MATCH = YES;
				COPY_PHASE_STRIP = NO;
				DEBUG_INFORMATION_FORMAT = "dwarf-with-dsym";
				ENABLE_NS_ASSERTIONS = NO;
				ENABLE_STRICT_OBJC_MSGSEND = YES;
				GCC_C_LANGUAGE_STANDARD = gnu11;
				GCC_NO_COMMON_BLOCKS = YES;
				GCC_WARN_64_TO_32_BIT_CONVERSION = YES;
				GCC_WARN_ABOUT_RETURN_TYPE = YES_ERROR;
				GCC_WARN_UNDECLARED_SELECTOR = YES;
				GCC_WARN_UNINITIALIZED_AUTOS = YES_AGGRESSIVE;
				GCC_WARN_UNUSED_FUNCTION = YES;
				GCC_WARN_UNUSED_VARIABLE = YES;
				IPHONEOS_DEPLOYMENT_TARGET = 15.5;
				MTL_ENABLE_DEBUG_INFO = NO;
				MTL_FAST_MATH = YES;
				SDKROOT = iphoneos;
				SWIFT_COMPILATION_MODE = wholemodule;
				SWIFT_OPTIMIZATION_LEVEL = "-O";
				VALIDATE_PRODUCT = YES;
			};
			name = Release;
		};
		6962740728E39913004B3A18 /* Debug */ = {
			isa = XCBuildConfiguration;
			buildSettings = {
				ASSETCATALOG_COMPILER_APPICON_NAME = AppIcon;
				ASSETCATALOG_COMPILER_GLOBAL_ACCENT_COLOR_NAME = AccentColor;
				CODE_SIGN_STYLE = Automatic;
				CURRENT_PROJECT_VERSION = 1;
				DEVELOPMENT_ASSET_PATHS = "\"Weather_App/Preview Content\"";
				DEVELOPMENT_TEAM = 4M479TRPNT;
				ENABLE_PREVIEWS = YES;
				GENERATE_INFOPLIST_FILE = YES;
				INFOPLIST_KEY_UIApplicationSceneManifest_Generation = YES;
				INFOPLIST_KEY_UIApplicationSupportsIndirectInputEvents = YES;
				INFOPLIST_KEY_UILaunchScreen_Generation = YES;
				INFOPLIST_KEY_UISupportedInterfaceOrientations_iPad = "UIInterfaceOrientationPortrait UIInterfaceOrientationPortraitUpsideDown UIInterfaceOrientationLandscapeLeft UIInterfaceOrientationLandscapeRight";
				INFOPLIST_KEY_UISupportedInterfaceOrientations_iPhone = "UIInterfaceOrientationPortrait UIInterfaceOrientationLandscapeLeft UIInterfaceOrientationLandscapeRight";
				LD_RUNPATH_SEARCH_PATHS = (
					"$(inherited)",
					"@executable_path/Frameworks",
				);
				MARKETING_VERSION = 1.0;
				PRODUCT_BUNDLE_IDENTIFIER = "white.mayk.com.Weather-App";
				PRODUCT_NAME = "$(TARGET_NAME)";
				SWIFT_EMIT_LOC_STRINGS = YES;
				SWIFT_VERSION = 5.0;
				TARGETED_DEVICE_FAMILY = "1,2";
			};
			name = Debug;
		};
		6962740828E39913004B3A18 /* Release */ = {
			isa = XCBuildConfiguration;
			buildSettings = {
				ASSETCATALOG_COMPILER_APPICON_NAME = AppIcon;
				ASSETCATALOG_COMPILER_GLOBAL_ACCENT_COLOR_NAME = AccentColor;
				CODE_SIGN_STYLE = Automatic;
				CURRENT_PROJECT_VERSION = 1;
				DEVELOPMENT_ASSET_PATHS = "\"Weather_App/Preview Content\"";
				DEVELOPMENT_TEAM = 4M479TRPNT;
				ENABLE_PREVIEWS = YES;
				GENERATE_INFOPLIST_FILE = YES;
				INFOPLIST_KEY_UIApplicationSceneManifest_Generation = YES;
				INFOPLIST_KEY_UIApplicationSupportsIndirectInputEvents = YES;
				INFOPLIST_KEY_UILaunchScreen_Generation = YES;
				INFOPLIST_KEY_UISupportedInterfaceOrientations_iPad = "UIInterfaceOrientationPortrait UIInterfaceOrientationPortraitUpsideDown UIInterfaceOrientationLandscapeLeft UIInterfaceOrientationLandscapeRight";
				INFOPLIST_KEY_UISupportedInterfaceOrientations_iPhone = "UIInterfaceOrientationPortrait UIInterfaceOrientationLandscapeLeft UIInterfaceOrientationLandscapeRight";
				LD_RUNPATH_SEARCH_PATHS = (
					"$(inherited)",
					"@executable_path/Frameworks",
				);
				MARKETING_VERSION = 1.0;
				PRODUCT_BUNDLE_IDENTIFIER = "white.mayk.com.Weather-App";
				PRODUCT_NAME = "$(TARGET_NAME)";
				SWIFT_EMIT_LOC_STRINGS = YES;
				SWIFT_VERSION = 5.0;
				TARGETED_DEVICE_FAMILY = "1,2";
			};
			name = Release;
		};
/* End XCBuildConfiguration section */

/* Begin XCConfigurationList section */
		696273F328E39912004B3A18 /* Build configuration list for PBXProject "Weather_App" */ = {
			isa = XCConfigurationList;
			buildConfigurations = (
				6962740428E39913004B3A18 /* Debug */,
				6962740528E39913004B3A18 /* Release */,
			);
			defaultConfigurationIsVisible = 0;
			defaultConfigurationName = Release;
		};
		6962740628E39913004B3A18 /* Build configuration list for PBXNativeTarget "Weather_App" */ = {
			isa = XCConfigurationList;
			buildConfigurations = (
				6962740728E39913004B3A18 /* Debug */,
				6962740828E39913004B3A18 /* Release */,
			);
			defaultConfigurationIsVisible = 0;
			defaultConfigurationName = Release;
		};
/* End XCConfigurationList section */
	};
	rootObject = 696273F028E39912004B3A18 /* Project object */;
}
